
Microsoft Visual Studio Solution File, Format Version 12.00
# Visual Studio Version 17
VisualStudioVersion = 17.9.34723.18
MinimumVisualStudioVersion = 10.0.40219.1
Project("{888888A0-9F3D-457C-B088-3A5042F75D52}") = "P_Find_Prime_Numbers_Of_A", "P_Find_Prime_Numbers_Of_A.pyproj", "{41B27BA6-620E-4169-B340-1A711EE5EFDA}"
EndProject
Global
	GlobalSection(SolutionConfigurationPlatforms) = preSolution
		Debug|Any CPU = Debug|Any CPU
		Release|Any CPU = Release|Any CPU
	EndGlobalSection
	GlobalSection(ProjectConfigurationPlatforms) = postSolution
		{41B27BA6-620E-4169-B340-1A711EE5EFDA}.Debug|Any CPU.ActiveCfg = Debug|Any CPU
		{41B27BA6-620E-4169-B340-1A711EE5EFDA}.Release|Any CPU.ActiveCfg = Release|Any CPU
	EndGlobalSection
	GlobalSection(SolutionProperties) = preSolution
		HideSolutionNode = FALSE
	EndGlobalSection
	GlobalSection(ExtensibilityGlobals) = postSolution
		SolutionGuid = {8AF675BE-EDAA-4280-B3DC-937FB7888EF9}
	EndGlobalSection
EndGlobal
